
Microsoft Visual Studio Solution File, Format Version 12.00
# Visual Studio Version 16
VisualStudioVersion = 16.0.30523.141
MinimumVisualStudioVersion = 10.0.40219.1
Project("{FAE04EC0-301F-11D3-BF4B-00C04F79EFBC}") = "AkkaVisual", "AkkaVisual\AkkaVisual.csproj", "{C862C91C-B4A5-483A-B8CC-93F12062A15F}"
EndProject
Project("{FAE04EC0-301F-11D3-BF4B-00C04F79EFBC}") = "AkkaVisualDemo", "AkkaVisualDemo\AkkaVisualDemo.csproj", "{1BC8B55F-D266-49A8-8AE8-625CAC175061}"
EndProject
Global
	GlobalSection(SolutionConfigurationPlatforms) = preSolution
		Debug|Any CPU = Debug|Any CPU
		Release|Any CPU = Release|Any CPU
	EndGlobalSection
	GlobalSection(ProjectConfigurationPlatforms) = postSolution
		{C862C91C-B4A5-483A-B8CC-93F12062A15F}.Debug|Any CPU.ActiveCfg = Debug|Any CPU
		{C862C91C-B4A5-483A-B8CC-93F12062A15F}.Debug|Any CPU.Build.0 = Debug|Any CPU
		{C862C91C-B4A5-483A-B8CC-93F12062A15F}.Release|Any CPU.ActiveCfg = Release|Any CPU
		{C862C91C-B4A5-483A-B8CC-93F12062A15F}.Release|Any CPU.Build.0 = Release|Any CPU
		{1BC8B55F-D266-49A8-8AE8-625CAC175061}.Debug|Any CPU.ActiveCfg = Debug|Any CPU
		{1BC8B55F-D266-49A8-8AE8-625CAC175061}.Debug|Any CPU.Build.0 = Debug|Any CPU
		{1BC8B55F-D266-49A8-8AE8-625CAC175061}.Release|Any CPU.ActiveCfg = Release|Any CPU
		{1BC8B55F-D266-49A8-8AE8-625CAC175061}.Release|Any CPU.Build.0 = Release|Any CPU
	EndGlobalSection
	GlobalSection(SolutionProperties) = preSolution
		HideSolutionNode = FALSE
	EndGlobalSection
	GlobalSection(ExtensibilityGlobals) = postSolution
		SolutionGuid = {85C1FF87-6019-41D0-AF67-4AD88BCE55EE}
	EndGlobalSection
EndGlobal
